// !$*UTF8*$!
{
	archiveVersion = 1;
	classes = {
	};
	objectVersion = 55;
	objects = {

/* Begin PBXBuildFile section */
		445F49662787966C002519BE /* TabsView.swift in Sources */ = {isa = PBXBuildFile; fileRef = 445F49652787966C002519BE /* TabsView.swift */; };
		445F4968278796A3002519BE /* SettingsView.swift in Sources */ = {isa = PBXBuildFile; fileRef = 445F4967278796A3002519BE /* SettingsView.swift */; };
		445F496A278796B6002519BE /* ReceivablesView.swift in Sources */ = {isa = PBXBuildFile; fileRef = 445F4969278796B6002519BE /* ReceivablesView.swift */; };
		445F496C2787970B002519BE /* ReportsView.swift in Sources */ = {isa = PBXBuildFile; fileRef = 445F496B2787970B002519BE /* ReportsView.swift */; };
		446185432786BF37000454DE /* TripsView.swift in Sources */ = {isa = PBXBuildFile; fileRef = 446185422786BF37000454DE /* TripsView.swift */; };
		446185452786C306000454DE /* UIScreenExtension.swift in Sources */ = {isa = PBXBuildFile; fileRef = 446185442786C306000454DE /* UIScreenExtension.swift */; };
		446283A32786273F00D07FB8 /* UserRepository.swift in Sources */ = {isa = PBXBuildFile; fileRef = 446283A22786273F00D07FB8 /* UserRepository.swift */; };
		446283A52786286D00D07FB8 /* UserViewModel.swift in Sources */ = {isa = PBXBuildFile; fileRef = 446283A42786286D00D07FB8 /* UserViewModel.swift */; };
		4463BF142782D5CC00867EC4 /* UserModel.swift in Sources */ = {isa = PBXBuildFile; fileRef = 4463BF132782D5CC00867EC4 /* UserModel.swift */; };
		446B1CBB278800DB00922F2D /* LaunchScreen.storyboard in Resources */ = {isa = PBXBuildFile; fileRef = 446B1CBA278800DB00922F2D /* LaunchScreen.storyboard */; };
		446B1CBE27891B1E00922F2D /* ClientsViews.swift in Sources */ = {isa = PBXBuildFile; fileRef = 446B1CBD27891B1E00922F2D /* ClientsViews.swift */; };
		446B1CC027891B3200922F2D /* EmployeesView.swift in Sources */ = {isa = PBXBuildFile; fileRef = 446B1CBF27891B3200922F2D /* EmployeesView.swift */; };
		446B1CC227891B4200922F2D /* VehiclesView.swift in Sources */ = {isa = PBXBuildFile; fileRef = 446B1CC127891B4200922F2D /* VehiclesView.swift */; };
		4471B3F32782A95200E5F887 /* CloudKit.framework in Frameworks */ = {isa = PBXBuildFile; fileRef = 4471B3F22782A95200E5F887 /* CloudKit.framework */; };
		4471B3F52782ADCA00E5F887 /* LoginView.swift in Sources */ = {isa = PBXBuildFile; fileRef = 4471B3F42782ADCA00E5F887 /* LoginView.swift */; };
		44846145277B5E3300E407A9 /* Tests_iOS.swift in Sources */ = {isa = PBXBuildFile; fileRef = 44846144277B5E3300E407A9 /* Tests_iOS.swift */; };
		44846147277B5E3300E407A9 /* Tests_iOSLaunchTests.swift in Sources */ = {isa = PBXBuildFile; fileRef = 44846146277B5E3300E407A9 /* Tests_iOSLaunchTests.swift */; };
		44846151277B5E3300E407A9 /* Tests_macOS.swift in Sources */ = {isa = PBXBuildFile; fileRef = 44846150277B5E3300E407A9 /* Tests_macOS.swift */; };
		44846153277B5E3300E407A9 /* Tests_macOSLaunchTests.swift in Sources */ = {isa = PBXBuildFile; fileRef = 44846152277B5E3300E407A9 /* Tests_macOSLaunchTests.swift */; };
		44846156277B5E3300E407A9 /* HaultechApp.swift in Sources */ = {isa = PBXBuildFile; fileRef = 4484612B277B5E3100E407A9 /* HaultechApp.swift */; };
		44846157277B5E3300E407A9 /* HaultechApp.swift in Sources */ = {isa = PBXBuildFile; fileRef = 4484612B277B5E3100E407A9 /* HaultechApp.swift */; };
		4484615C277B5E3300E407A9 /* Assets.xcassets in Resources */ = {isa = PBXBuildFile; fileRef = 4484612E277B5E3300E407A9 /* Assets.xcassets */; };
		4484615D277B5E3300E407A9 /* Assets.xcassets in Resources */ = {isa = PBXBuildFile; fileRef = 4484612E277B5E3300E407A9 /* Assets.xcassets */; };
		44CCB1E22785BA7000D9D5E3 /* UserApiService.swift in Sources */ = {isa = PBXBuildFile; fileRef = 44CCB1E12785BA7000D9D5E3 /* UserApiService.swift */; };
/* End PBXBuildFile section */

/* Begin PBXContainerItemProxy section */
		44846141277B5E3300E407A9 /* PBXContainerItemProxy */ = {
			isa = PBXContainerItemProxy;
			containerPortal = 44846124277B5E3100E407A9 /* Project object */;
			proxyType = 1;
			remoteGlobalIDString = 44846132277B5E3300E407A9;
			remoteInfo = "TruckingApp (iOS)";
		};
		4484614D277B5E3300E407A9 /* PBXContainerItemProxy */ = {
			isa = PBXContainerItemProxy;
			containerPortal = 44846124277B5E3100E407A9 /* Project object */;
			proxyType = 1;
			remoteGlobalIDString = 44846138277B5E3300E407A9;
			remoteInfo = "TruckingApp (macOS)";
		};
/* End PBXContainerItemProxy section */

/* Begin PBXFileReference section */
		445F49652787966C002519BE /* TabsView.swift */ = {isa = PBXFileReference; lastKnownFileType = sourcecode.swift; path = TabsView.swift; sourceTree = "<group>"; };
		445F4967278796A3002519BE /* SettingsView.swift */ = {isa = PBXFileReference; lastKnownFileType = sourcecode.swift; path = SettingsView.swift; sourceTree = "<group>"; };
		445F4969278796B6002519BE /* ReceivablesView.swift */ = {isa = PBXFileReference; lastKnownFileType = sourcecode.swift; path = ReceivablesView.swift; sourceTree = "<group>"; };
		445F496B2787970B002519BE /* ReportsView.swift */ = {isa = PBXFileReference; lastKnownFileType = sourcecode.swift; path = ReportsView.swift; sourceTree = "<group>"; };
		446185422786BF37000454DE /* TripsView.swift */ = {isa = PBXFileReference; lastKnownFileType = sourcecode.swift; path = TripsView.swift; sourceTree = "<group>"; };
		446185442786C306000454DE /* UIScreenExtension.swift */ = {isa = PBXFileReference; lastKnownFileType = sourcecode.swift; path = UIScreenExtension.swift; sourceTree = "<group>"; };
		446283A22786273F00D07FB8 /* UserRepository.swift */ = {isa = PBXFileReference; lastKnownFileType = sourcecode.swift; path = UserRepository.swift; sourceTree = "<group>"; };
		446283A42786286D00D07FB8 /* UserViewModel.swift */ = {isa = PBXFileReference; lastKnownFileType = sourcecode.swift; path = UserViewModel.swift; sourceTree = "<group>"; };
		4463BF132782D5CC00867EC4 /* UserModel.swift */ = {isa = PBXFileReference; lastKnownFileType = sourcecode.swift; path = UserModel.swift; sourceTree = "<group>"; };
		446B1CBA278800DB00922F2D /* LaunchScreen.storyboard */ = {isa = PBXFileReference; lastKnownFileType = file.storyboard; path = LaunchScreen.storyboard; sourceTree = "<group>"; };
		446B1CBD27891B1E00922F2D /* ClientsViews.swift */ = {isa = PBXFileReference; lastKnownFileType = sourcecode.swift; path = ClientsViews.swift; sourceTree = "<group>"; };
		446B1CBF27891B3200922F2D /* EmployeesView.swift */ = {isa = PBXFileReference; lastKnownFileType = sourcecode.swift; path = EmployeesView.swift; sourceTree = "<group>"; };
		446B1CC127891B4200922F2D /* VehiclesView.swift */ = {isa = PBXFileReference; lastKnownFileType = sourcecode.swift; path = VehiclesView.swift; sourceTree = "<group>"; };
		4471B3F02782A93500E5F887 /* TruckingApp (iOS).entitlements */ = {isa = PBXFileReference; lastKnownFileType = text.plist.entitlements; path = "TruckingApp (iOS).entitlements"; sourceTree = "<group>"; };
		4471B3F22782A95200E5F887 /* CloudKit.framework */ = {isa = PBXFileReference; lastKnownFileType = wrapper.framework; name = CloudKit.framework; path = Platforms/iPhoneOS.platform/Developer/SDKs/iPhoneOS15.2.sdk/System/Library/Frameworks/CloudKit.framework; sourceTree = DEVELOPER_DIR; };
		4471B3F42782ADCA00E5F887 /* LoginView.swift */ = {isa = PBXFileReference; lastKnownFileType = sourcecode.swift; path = LoginView.swift; sourceTree = "<group>"; };
		4484612B277B5E3100E407A9 /* HaultechApp.swift */ = {isa = PBXFileReference; lastKnownFileType = sourcecode.swift; path = HaultechApp.swift; sourceTree = "<group>"; };
		4484612E277B5E3300E407A9 /* Assets.xcassets */ = {isa = PBXFileReference; lastKnownFileType = folder.assetcatalog; path = Assets.xcassets; sourceTree = "<group>"; };
		44846133277B5E3300E407A9 /* TruckingApp.app */ = {isa = PBXFileReference; explicitFileType = wrapper.application; includeInIndex = 0; path = TruckingApp.app; sourceTree = BUILT_PRODUCTS_DIR; };
		44846139277B5E3300E407A9 /* TruckingApp.app */ = {isa = PBXFileReference; explicitFileType = wrapper.application; includeInIndex = 0; path = TruckingApp.app; sourceTree = BUILT_PRODUCTS_DIR; };
		4484613B277B5E3300E407A9 /* macOS.entitlements */ = {isa = PBXFileReference; lastKnownFileType = text.plist.entitlements; path = macOS.entitlements; sourceTree = "<group>"; };
		44846140277B5E3300E407A9 /* Tests iOS.xctest */ = {isa = PBXFileReference; explicitFileType = wrapper.cfbundle; includeInIndex = 0; path = "Tests iOS.xctest"; sourceTree = BUILT_PRODUCTS_DIR; };
		44846144277B5E3300E407A9 /* Tests_iOS.swift */ = {isa = PBXFileReference; lastKnownFileType = sourcecode.swift; path = Tests_iOS.swift; sourceTree = "<group>"; };
		44846146277B5E3300E407A9 /* Tests_iOSLaunchTests.swift */ = {isa = PBXFileReference; lastKnownFileType = sourcecode.swift; path = Tests_iOSLaunchTests.swift; sourceTree = "<group>"; };
		4484614C277B5E3300E407A9 /* Tests macOS.xctest */ = {isa = PBXFileReference; explicitFileType = wrapper.cfbundle; includeInIndex = 0; path = "Tests macOS.xctest"; sourceTree = BUILT_PRODUCTS_DIR; };
		44846150277B5E3300E407A9 /* Tests_macOS.swift */ = {isa = PBXFileReference; lastKnownFileType = sourcecode.swift; path = Tests_macOS.swift; sourceTree = "<group>"; };
		44846152277B5E3300E407A9 /* Tests_macOSLaunchTests.swift */ = {isa = PBXFileReference; lastKnownFileType = sourcecode.swift; path = Tests_macOSLaunchTests.swift; sourceTree = "<group>"; };
		4494469D2782CD7800DD4792 /* TruckingApp--iOS--Info.plist */ = {isa = PBXFileReference; lastKnownFileType = text.plist; path = "TruckingApp--iOS--Info.plist"; sourceTree = "<group>"; };
		44CCB1E12785BA7000D9D5E3 /* UserApiService.swift */ = {isa = PBXFileReference; lastKnownFileType = sourcecode.swift; path = UserApiService.swift; sourceTree = "<group>"; };
/* End PBXFileReference section */

/* Begin PBXFrameworksBuildPhase section */
		44846130277B5E3300E407A9 /* Frameworks */ = {
			isa = PBXFrameworksBuildPhase;
			buildActionMask = 2147483647;
			files = (
				4471B3F32782A95200E5F887 /* CloudKit.framework in Frameworks */,
			);
			runOnlyForDeploymentPostprocessing = 0;
		};
		44846136277B5E3300E407A9 /* Frameworks */ = {
			isa = PBXFrameworksBuildPhase;
			buildActionMask = 2147483647;
			files = (
			);
			runOnlyForDeploymentPostprocessing = 0;
		};
		4484613D277B5E3300E407A9 /* Frameworks */ = {
			isa = PBXFrameworksBuildPhase;
			buildActionMask = 2147483647;
			files = (
			);
			runOnlyForDeploymentPostprocessing = 0;
		};
		44846149277B5E3300E407A9 /* Frameworks */ = {
			isa = PBXFrameworksBuildPhase;
			buildActionMask = 2147483647;
			files = (
			);
			runOnlyForDeploymentPostprocessing = 0;
		};
/* End PBXFrameworksBuildPhase section */

/* Begin PBXGroup section */
		4401EFEA277BAA1700AA0372 /* Views */ = {
			isa = PBXGroup;
			children = (
				446B1CBC27891AE600922F2D /* SettingsViews */,
				4471B3F42782ADCA00E5F887 /* LoginView.swift */,
				446185422786BF37000454DE /* TripsView.swift */,
				445F49652787966C002519BE /* TabsView.swift */,
				445F4969278796B6002519BE /* ReceivablesView.swift */,
				445F496B2787970B002519BE /* ReportsView.swift */,
			);
			path = Views;
			sourceTree = "<group>";
		};
		4401EFEB277BAA2600AA0372 /* Models */ = {
			isa = PBXGroup;
			children = (
				4463BF132782D5CC00867EC4 /* UserModel.swift */,
			);
			path = Models;
			sourceTree = "<group>";
		};
		4401EFED277BAA9D00AA0372 /* ViewModels */ = {
			isa = PBXGroup;
			children = (
				446283A42786286D00D07FB8 /* UserViewModel.swift */,
			);
			path = ViewModels;
			sourceTree = "<group>";
		};
		446B1CBC27891AE600922F2D /* SettingsViews */ = {
			isa = PBXGroup;
			children = (
				445F4967278796A3002519BE /* SettingsView.swift */,
				446B1CBD27891B1E00922F2D /* ClientsViews.swift */,
				446B1CBF27891B3200922F2D /* EmployeesView.swift */,
				446B1CC127891B4200922F2D /* VehiclesView.swift */,
			);
			path = SettingsViews;
			sourceTree = "<group>";
		};
		4471B3F12782A95200E5F887 /* Frameworks */ = {
			isa = PBXGroup;
			children = (
				4471B3F22782A95200E5F887 /* CloudKit.framework */,
			);
			name = Frameworks;
			sourceTree = "<group>";
		};
		44846123277B5E3100E407A9 = {
			isa = PBXGroup;
			children = (
				4494469D2782CD7800DD4792 /* TruckingApp--iOS--Info.plist */,
				4471B3F02782A93500E5F887 /* TruckingApp (iOS).entitlements */,
				44846128277B5E3100E407A9 /* Shared */,
				4484613A277B5E3300E407A9 /* macOS */,
				44846143277B5E3300E407A9 /* Tests iOS */,
				4484614F277B5E3300E407A9 /* Tests macOS */,
				44846134277B5E3300E407A9 /* Products */,
				4471B3F12782A95200E5F887 /* Frameworks */,
			);
			sourceTree = "<group>";
		};
		44846128277B5E3100E407A9 /* Shared */ = {
			isa = PBXGroup;
			children = (
				446B1CBA278800DB00922F2D /* LaunchScreen.storyboard */,
				44CCB1E02785B9BD00D9D5E3 /* Extensions */,
				44CCB1DF2785B9B200D9D5E3 /* Utilities */,
				44CCB1DE2785B95900D9D5E3 /* Repositories */,
				44CCB1DD2785B93E00D9D5E3 /* Services */,
				4401EFED277BAA9D00AA0372 /* ViewModels */,
				4401EFEB277BAA2600AA0372 /* Models */,
				4401EFEA277BAA1700AA0372 /* Views */,
				4484612B277B5E3100E407A9 /* HaultechApp.swift */,
				4484612E277B5E3300E407A9 /* Assets.xcassets */,
			);
			path = Shared;
			sourceTree = "<group>";
		};
		44846134277B5E3300E407A9 /* Products */ = {
			isa = PBXGroup;
			children = (
				44846133277B5E3300E407A9 /* TruckingApp.app */,
				44846139277B5E3300E407A9 /* TruckingApp.app */,
				44846140277B5E3300E407A9 /* Tests iOS.xctest */,
				4484614C277B5E3300E407A9 /* Tests macOS.xctest */,
			);
			name = Products;
			sourceTree = "<group>";
		};
		4484613A277B5E3300E407A9 /* macOS */ = {
			isa = PBXGroup;
			children = (
				4484613B277B5E3300E407A9 /* macOS.entitlements */,
			);
			path = macOS;
			sourceTree = "<group>";
		};
		44846143277B5E3300E407A9 /* Tests iOS */ = {
			isa = PBXGroup;
			children = (
				44846144277B5E3300E407A9 /* Tests_iOS.swift */,
				44846146277B5E3300E407A9 /* Tests_iOSLaunchTests.swift */,
			);
			path = "Tests iOS";
			sourceTree = "<group>";
		};
		4484614F277B5E3300E407A9 /* Tests macOS */ = {
			isa = PBXGroup;
			children = (
				44846150277B5E3300E407A9 /* Tests_macOS.swift */,
				44846152277B5E3300E407A9 /* Tests_macOSLaunchTests.swift */,
			);
			path = "Tests macOS";
			sourceTree = "<group>";
		};
		44CCB1DD2785B93E00D9D5E3 /* Services */ = {
			isa = PBXGroup;
			children = (
				44CCB1E12785BA7000D9D5E3 /* UserApiService.swift */,
			);
			path = Services;
			sourceTree = "<group>";
		};
		44CCB1DE2785B95900D9D5E3 /* Repositories */ = {
			isa = PBXGroup;
			children = (
				446283A22786273F00D07FB8 /* UserRepository.swift */,
			);
			path = Repositories;
			sourceTree = "<group>";
		};
		44CCB1DF2785B9B200D9D5E3 /* Utilities */ = {
			isa = PBXGroup;
			children = (
			);
			path = Utilities;
			sourceTree = "<group>";
		};
		44CCB1E02785B9BD00D9D5E3 /* Extensions */ = {
			isa = PBXGroup;
			children = (
				446185442786C306000454DE /* UIScreenExtension.swift */,
			);
			path = Extensions;
			sourceTree = "<group>";
		};
/* End PBXGroup section */

/* Begin PBXNativeTarget section */
		44846132277B5E3300E407A9 /* TruckingApp (iOS) */ = {
			isa = PBXNativeTarget;
			buildConfigurationList = 44846160277B5E3300E407A9 /* Build configuration list for PBXNativeTarget "TruckingApp (iOS)" */;
			buildPhases = (
				4484612F277B5E3300E407A9 /* Sources */,
				44846130277B5E3300E407A9 /* Frameworks */,
				44846131277B5E3300E407A9 /* Resources */,
			);
			buildRules = (
			);
			dependencies = (
			);
			name = "TruckingApp (iOS)";
			productName = "TruckingApp (iOS)";
			productReference = 44846133277B5E3300E407A9 /* TruckingApp.app */;
			productType = "com.apple.product-type.application";
		};
		44846138277B5E3300E407A9 /* TruckingApp (macOS) */ = {
			isa = PBXNativeTarget;
			buildConfigurationList = 44846163277B5E3300E407A9 /* Build configuration list for PBXNativeTarget "TruckingApp (macOS)" */;
			buildPhases = (
				44846135277B5E3300E407A9 /* Sources */,
				44846136277B5E3300E407A9 /* Frameworks */,
				44846137277B5E3300E407A9 /* Resources */,
			);
			buildRules = (
			);
			dependencies = (
			);
			name = "TruckingApp (macOS)";
			productName = "TruckingApp (macOS)";
			productReference = 44846139277B5E3300E407A9 /* TruckingApp.app */;
			productType = "com.apple.product-type.application";
		};
		4484613F277B5E3300E407A9 /* Tests iOS */ = {
			isa = PBXNativeTarget;
			buildConfigurationList = 44846166277B5E3300E407A9 /* Build configuration list for PBXNativeTarget "Tests iOS" */;
			buildPhases = (
				4484613C277B5E3300E407A9 /* Sources */,
				4484613D277B5E3300E407A9 /* Frameworks */,
				4484613E277B5E3300E407A9 /* Resources */,
			);
			buildRules = (
			);
			dependencies = (
				44846142277B5E3300E407A9 /* PBXTargetDependency */,
			);
			name = "Tests iOS";
			productName = "Tests iOS";
			productReference = 44846140277B5E3300E407A9 /* Tests iOS.xctest */;
			productType = "com.apple.product-type.bundle.ui-testing";
		};
		4484614B277B5E3300E407A9 /* Tests macOS */ = {
			isa = PBXNativeTarget;
			buildConfigurationList = 44846169277B5E3300E407A9 /* Build configuration list for PBXNativeTarget "Tests macOS" */;
			buildPhases = (
				44846148277B5E3300E407A9 /* Sources */,
				44846149277B5E3300E407A9 /* Frameworks */,
				4484614A277B5E3300E407A9 /* Resources */,
			);
			buildRules = (
			);
			dependencies = (
				4484614E277B5E3300E407A9 /* PBXTargetDependency */,
			);
			name = "Tests macOS";
			productName = "Tests macOS";
			productReference = 4484614C277B5E3300E407A9 /* Tests macOS.xctest */;
			productType = "com.apple.product-type.bundle.ui-testing";
		};
/* End PBXNativeTarget section */

/* Begin PBXProject section */
		44846124277B5E3100E407A9 /* Project object */ = {
			isa = PBXProject;
			attributes = {
				BuildIndependentTargetsInParallel = 1;
				LastSwiftUpdateCheck = 1320;
				LastUpgradeCheck = 1320;
				TargetAttributes = {
					44846132277B5E3300E407A9 = {
						CreatedOnToolsVersion = 13.2.1;
					};
					44846138277B5E3300E407A9 = {
						CreatedOnToolsVersion = 13.2.1;
					};
					4484613F277B5E3300E407A9 = {
						CreatedOnToolsVersion = 13.2.1;
						TestTargetID = 44846132277B5E3300E407A9;
					};
					4484614B277B5E3300E407A9 = {
						CreatedOnToolsVersion = 13.2.1;
						TestTargetID = 44846138277B5E3300E407A9;
					};
				};
			};
			buildConfigurationList = 44846127277B5E3100E407A9 /* Build configuration list for PBXProject "TruckingApp" */;
			compatibilityVersion = "Xcode 13.0";
			developmentRegion = en;
			hasScannedForEncodings = 0;
			knownRegions = (
				en,
				Base,
			);
			mainGroup = 44846123277B5E3100E407A9;
			productRefGroup = 44846134277B5E3300E407A9 /* Products */;
			projectDirPath = "";
			projectRoot = "";
			targets = (
				44846132277B5E3300E407A9 /* TruckingApp (iOS) */,
				44846138277B5E3300E407A9 /* TruckingApp (macOS) */,
				4484613F277B5E3300E407A9 /* Tests iOS */,
				4484614B277B5E3300E407A9 /* Tests macOS */,
			);
		};
/* End PBXProject section */

/* Begin PBXResourcesBuildPhase section */
		44846131277B5E3300E407A9 /* Resources */ = {
			isa = PBXResourcesBuildPhase;
			buildActionMask = 2147483647;
			files = (
				4484615C277B5E3300E407A9 /* Assets.xcassets in Resources */,
				446B1CBB278800DB00922F2D /* LaunchScreen.storyboard in Resources */,
			);
			runOnlyForDeploymentPostprocessing = 0;
		};
		44846137277B5E3300E407A9 /* Resources */ = {
			isa = PBXResourcesBuildPhase;
			buildActionMask = 2147483647;
			files = (
				4484615D277B5E3300E407A9 /* Assets.xcassets in Resources */,
			);
			runOnlyForDeploymentPostprocessing = 0;
		};
		4484613E277B5E3300E407A9 /* Resources */ = {
			isa = PBXResourcesBuildPhase;
			buildActionMask = 2147483647;
			files = (
			);
			runOnlyForDeploymentPostprocessing = 0;
		};
		4484614A277B5E3300E407A9 /* Resources */ = {
			isa = PBXResourcesBuildPhase;
			buildActionMask = 2147483647;
			files = (
			);
			runOnlyForDeploymentPostprocessing = 0;
		};
/* End PBXResourcesBuildPhase section */

/* Begin PBXSourcesBuildPhase section */
		4484612F277B5E3300E407A9 /* Sources */ = {
			isa = PBXSourcesBuildPhase;
			buildActionMask = 2147483647;
			files = (
				445F496A278796B6002519BE /* ReceivablesView.swift in Sources */,
				44846156277B5E3300E407A9 /* HaultechApp.swift in Sources */,
				446283A52786286D00D07FB8 /* UserViewModel.swift in Sources */,
				44CCB1E22785BA7000D9D5E3 /* UserApiService.swift in Sources */,
				446185432786BF37000454DE /* TripsView.swift in Sources */,
				4463BF142782D5CC00867EC4 /* UserModel.swift in Sources */,
				445F4968278796A3002519BE /* SettingsView.swift in Sources */,
				446185452786C306000454DE /* UIScreenExtension.swift in Sources */,
				446B1CC027891B3200922F2D /* EmployeesView.swift in Sources */,
				446B1CBE27891B1E00922F2D /* ClientsViews.swift in Sources */,
				446283A32786273F00D07FB8 /* UserRepository.swift in Sources */,
				445F49662787966C002519BE /* TabsView.swift in Sources */,
				446B1CC227891B4200922F2D /* VehiclesView.swift in Sources */,
				445F496C2787970B002519BE /* ReportsView.swift in Sources */,
				4471B3F52782ADCA00E5F887 /* LoginView.swift in Sources */,
			);
			runOnlyForDeploymentPostprocessing = 0;
		};
		44846135277B5E3300E407A9 /* Sources */ = {
			isa = PBXSourcesBuildPhase;
			buildActionMask = 2147483647;
			files = (
				44846157277B5E3300E407A9 /* HaultechApp.swift in Sources */,
			);
			runOnlyForDeploymentPostprocessing = 0;
		};
		4484613C277B5E3300E407A9 /* Sources */ = {
			isa = PBXSourcesBuildPhase;
			buildActionMask = 2147483647;
			files = (
				44846147277B5E3300E407A9 /* Tests_iOSLaunchTests.swift in Sources */,
				44846145277B5E3300E407A9 /* Tests_iOS.swift in Sources */,
			);
			runOnlyForDeploymentPostprocessing = 0;
		};
		44846148277B5E3300E407A9 /* Sources */ = {
			isa = PBXSourcesBuildPhase;
			buildActionMask = 2147483647;
			files = (
				44846153277B5E3300E407A9 /* Tests_macOSLaunchTests.swift in Sources */,
				44846151277B5E3300E407A9 /* Tests_macOS.swift in Sources */,
			);
			runOnlyForDeploymentPostprocessing = 0;
		};
/* End PBXSourcesBuildPhase section */

/* Begin PBXTargetDependency section */
		44846142277B5E3300E407A9 /* PBXTargetDependency */ = {
			isa = PBXTargetDependency;
			target = 44846132277B5E3300E407A9 /* TruckingApp (iOS) */;
			targetProxy = 44846141277B5E3300E407A9 /* PBXContainerItemProxy */;
		};
		4484614E277B5E3300E407A9 /* PBXTargetDependency */ = {
			isa = PBXTargetDependency;
			target = 44846138277B5E3300E407A9 /* TruckingApp (macOS) */;
			targetProxy = 4484614D277B5E3300E407A9 /* PBXContainerItemProxy */;
		};
/* End PBXTargetDependency section */

/* Begin XCBuildConfiguration section */
		4484615E277B5E3300E407A9 /* Debug */ = {
			isa = XCBuildConfiguration;
			buildSettings = {
				ALWAYS_SEARCH_USER_PATHS = NO;
				CLANG_ANALYZER_NONNULL = YES;
				CLANG_ANALYZER_NUMBER_OBJECT_CONVERSION = YES_AGGRESSIVE;
				CLANG_CXX_LANGUAGE_STANDARD = "gnu++17";
				CLANG_CXX_LIBRARY = "libc++";
				CLANG_ENABLE_MODULES = YES;
				CLANG_ENABLE_OBJC_ARC = YES;
				CLANG_ENABLE_OBJC_WEAK = YES;
				CLANG_WARN_BLOCK_CAPTURE_AUTORELEASING = YES;
				CLANG_WARN_BOOL_CONVERSION = YES;
				CLANG_WARN_COMMA = YES;
				CLANG_WARN_CONSTANT_CONVERSION = YES;
				CLANG_WARN_DEPRECATED_OBJC_IMPLEMENTATIONS = YES;
				CLANG_WARN_DIRECT_OBJC_ISA_USAGE = YES_ERROR;
				CLANG_WARN_DOCUMENTATION_COMMENTS = YES;
				CLANG_WARN_EMPTY_BODY = YES;
				CLANG_WARN_ENUM_CONVERSION = YES;
				CLANG_WARN_INFINITE_RECURSION = YES;
				CLANG_WARN_INT_CONVERSION = YES;
				CLANG_WARN_NON_LITERAL_NULL_CONVERSION = YES;
				CLANG_WARN_OBJC_IMPLICIT_RETAIN_SELF = YES;
				CLANG_WARN_OBJC_LITERAL_CONVERSION = YES;
				CLANG_WARN_OBJC_ROOT_CLASS = YES_ERROR;
				CLANG_WARN_QUOTED_INCLUDE_IN_FRAMEWORK_HEADER = YES;
				CLANG_WARN_RANGE_LOOP_ANALYSIS = YES;
				CLANG_WARN_STRICT_PROTOTYPES = YES;
				CLANG_WARN_SUSPICIOUS_MOVE = YES;
				CLANG_WARN_UNGUARDED_AVAILABILITY = YES_AGGRESSIVE;
				CLANG_WARN_UNREACHABLE_CODE = YES;
				CLANG_WARN__DUPLICATE_METHOD_MATCH = YES;
				COPY_PHASE_STRIP = NO;
				DEBUG_INFORMATION_FORMAT = dwarf;
				ENABLE_STRICT_OBJC_MSGSEND = YES;
				ENABLE_TESTABILITY = YES;
				GCC_C_LANGUAGE_STANDARD = gnu11;
				GCC_DYNAMIC_NO_PIC = NO;
				GCC_NO_COMMON_BLOCKS = YES;
				GCC_OPTIMIZATION_LEVEL = 0;
				GCC_PREPROCESSOR_DEFINITIONS = (
					"DEBUG=1",
					"$(inherited)",
				);
				GCC_WARN_64_TO_32_BIT_CONVERSION = YES;
				GCC_WARN_ABOUT_RETURN_TYPE = YES_ERROR;
				GCC_WARN_UNDECLARED_SELECTOR = YES;
				GCC_WARN_UNINITIALIZED_AUTOS = YES_AGGRESSIVE;
				GCC_WARN_UNUSED_FUNCTION = YES;
				GCC_WARN_UNUSED_VARIABLE = YES;
				MTL_ENABLE_DEBUG_INFO = INCLUDE_SOURCE;
				MTL_FAST_MATH = YES;
				ONLY_ACTIVE_ARCH = YES;
				SWIFT_ACTIVE_COMPILATION_CONDITIONS = DEBUG;
				SWIFT_OPTIMIZATION_LEVEL = "-Onone";
			};
			name = Debug;
		};
		4484615F277B5E3300E407A9 /* Release */ = {
			isa = XCBuildConfiguration;
			buildSettings = {
				ALWAYS_SEARCH_USER_PATHS = NO;
				CLANG_ANALYZER_NONNULL = YES;
				CLANG_ANALYZER_NUMBER_OBJECT_CONVERSION = YES_AGGRESSIVE;
				CLANG_CXX_LANGUAGE_STANDARD = "gnu++17";
				CLANG_CXX_LIBRARY = "libc++";
				CLANG_ENABLE_MODULES = YES;
				CLANG_ENABLE_OBJC_ARC = YES;
				CLANG_ENABLE_OBJC_WEAK = YES;
				CLANG_WARN_BLOCK_CAPTURE_AUTORELEASING = YES;
				CLANG_WARN_BOOL_CONVERSION = YES;
				CLANG_WARN_COMMA = YES;
				CLANG_WARN_CONSTANT_CONVERSION = YES;
				CLANG_WARN_DEPRECATED_OBJC_IMPLEMENTATIONS = YES;
				CLANG_WARN_DIRECT_OBJC_ISA_USAGE = YES_ERROR;
				CLANG_WARN_DOCUMENTATION_COMMENTS = YES;
				CLANG_WARN_EMPTY_BODY = YES;
				CLANG_WARN_ENUM_CONVERSION = YES;
				CLANG_WARN_INFINITE_RECURSION = YES;
				CLANG_WARN_INT_CONVERSION = YES;
				CLANG_WARN_NON_LITERAL_NULL_CONVERSION = YES;
				CLANG_WARN_OBJC_IMPLICIT_RETAIN_SELF = YES;
				CLANG_WARN_OBJC_LITERAL_CONVERSION = YES;
				CLANG_WARN_OBJC_ROOT_CLASS = YES_ERROR;
				CLANG_WARN_QUOTED_INCLUDE_IN_FRAMEWORK_HEADER = YES;
				CLANG_WARN_RANGE_LOOP_ANALYSIS = YES;
				CLANG_WARN_STRICT_PROTOTYPES = YES;
				CLANG_WARN_SUSPICIOUS_MOVE = YES;
				CLANG_WARN_UNGUARDED_AVAILABILITY = YES_AGGRESSIVE;
				CLANG_WARN_UNREACHABLE_CODE = YES;
				CLANG_WARN__DUPLICATE_METHOD_MATCH = YES;
				COPY_PHASE_STRIP = NO;
				DEBUG_INFORMATION_FORMAT = "dwarf-with-dsym";
				ENABLE_NS_ASSERTIONS = NO;
				ENABLE_STRICT_OBJC_MSGSEND = YES;
				GCC_C_LANGUAGE_STANDARD = gnu11;
				GCC_NO_COMMON_BLOCKS = YES;
				GCC_WARN_64_TO_32_BIT_CONVERSION = YES;
				GCC_WARN_ABOUT_RETURN_TYPE = YES_ERROR;
				GCC_WARN_UNDECLARED_SELECTOR = YES;
				GCC_WARN_UNINITIALIZED_AUTOS = YES_AGGRESSIVE;
				GCC_WARN_UNUSED_FUNCTION = YES;
				GCC_WARN_UNUSED_VARIABLE = YES;
				MTL_ENABLE_DEBUG_INFO = NO;
				MTL_FAST_MATH = YES;
				SWIFT_COMPILATION_MODE = wholemodule;
				SWIFT_OPTIMIZATION_LEVEL = "-O";
			};
			name = Release;
		};
		44846161277B5E3300E407A9 /* Debug */ = {
			isa = XCBuildConfiguration;
			buildSettings = {
				ASSETCATALOG_COMPILER_APPICON_NAME = AppIcon;
				ASSETCATALOG_COMPILER_GLOBAL_ACCENT_COLOR_NAME = AccentColor;
				ASSETCATALOG_COMPILER_INCLUDE_ALL_APPICON_ASSETS = YES;
				CODE_SIGN_ENTITLEMENTS = "TruckingApp (iOS).entitlements";
				CODE_SIGN_STYLE = Automatic;
				CURRENT_PROJECT_VERSION = 1;
				DEVELOPMENT_TEAM = TKV94ZDLBC;
				ENABLE_PREVIEWS = YES;
				GENERATE_INFOPLIST_FILE = YES;
				INFOPLIST_FILE = "TruckingApp--iOS--Info.plist";
				INFOPLIST_KEY_CFBundleDisplayName = HaulTech;
				INFOPLIST_KEY_UIApplicationSceneManifest_Generation = YES;
				INFOPLIST_KEY_UIApplicationSupportsIndirectInputEvents = YES;
				INFOPLIST_KEY_UILaunchScreen_Generation = YES;
				INFOPLIST_KEY_UILaunchStoryboardName = LaunchScreen;
				INFOPLIST_KEY_UISupportedInterfaceOrientations_iPad = "UIInterfaceOrientationPortrait UIInterfaceOrientationPortraitUpsideDown UIInterfaceOrientationLandscapeLeft UIInterfaceOrientationLandscapeRight";
				INFOPLIST_KEY_UISupportedInterfaceOrientations_iPhone = "UIInterfaceOrientationPortrait UIInterfaceOrientationLandscapeLeft UIInterfaceOrientationLandscapeRight";
				IPHONEOS_DEPLOYMENT_TARGET = 15.2;
				LD_RUNPATH_SEARCH_PATHS = (
					"$(inherited)",
					"@executable_path/Frameworks",
				);
				MARKETING_VERSION = 1.0;
				PRODUCT_BUNDLE_IDENTIFIER = com.ios.trucking;
				PRODUCT_NAME = TruckingApp;
				SDKROOT = iphoneos;
				SWIFT_EMIT_LOC_STRINGS = YES;
				SWIFT_VERSION = 5.0;
				TARGETED_DEVICE_FAMILY = "1,2";
			};
			name = Debug;
		};
		44846162277B5E3300E407A9 /* Release */ = {
			isa = XCBuildConfiguration;
			buildSettings = {
				ASSETCATALOG_COMPILER_APPICON_NAME = AppIcon;
				ASSETCATALOG_COMPILER_GLOBAL_ACCENT_COLOR_NAME = AccentColor;
				ASSETCATALOG_COMPILER_INCLUDE_ALL_APPICON_ASSETS = YES;
				CODE_SIGN_ENTITLEMENTS = "TruckingApp (iOS).entitlements";
				CODE_SIGN_STYLE = Automatic;
				CURRENT_PROJECT_VERSION = 1;
				DEVELOPMENT_TEAM = TKV94ZDLBC;
				ENABLE_PREVIEWS = YES;
				GENERATE_INFOPLIST_FILE = YES;
				INFOPLIST_FILE = "TruckingApp--iOS--Info.plist";
				INFOPLIST_KEY_CFBundleDisplayName = HaulTech;
				INFOPLIST_KEY_UIApplicationSceneManifest_Generation = YES;
				INFOPLIST_KEY_UIApplicationSupportsIndirectInputEvents = YES;
				INFOPLIST_KEY_UILaunchScreen_Generation = YES;
				INFOPLIST_KEY_UILaunchStoryboardName = LaunchScreen;
				INFOPLIST_KEY_UISupportedInterfaceOrientations_iPad = "UIInterfaceOrientationPortrait UIInterfaceOrientationPortraitUpsideDown UIInterfaceOrientationLandscapeLeft UIInterfaceOrientationLandscapeRight";
				INFOPLIST_KEY_UISupportedInterfaceOrientations_iPhone = "UIInterfaceOrientationPortrait UIInterfaceOrientationLandscapeLeft UIInterfaceOrientationLandscapeRight";
				IPHONEOS_DEPLOYMENT_TARGET = 15.2;
				LD_RUNPATH_SEARCH_PATHS = (
					"$(inherited)",
					"@executable_path/Frameworks",
				);
				MARKETING_VERSION = 1.0;
				PRODUCT_BUNDLE_IDENTIFIER = com.ios.trucking;
				PRODUCT_NAME = TruckingApp;
				SDKROOT = iphoneos;
				SWIFT_EMIT_LOC_STRINGS = YES;
				SWIFT_VERSION = 5.0;
				TARGETED_DEVICE_FAMILY = "1,2";
				VALIDATE_PRODUCT = YES;
			};
			name = Release;
		};
		44846164277B5E3300E407A9 /* Debug */ = {
			isa = XCBuildConfiguration;
			buildSettings = {
				ASSETCATALOG_COMPILER_APPICON_NAME = AppIcon;
				ASSETCATALOG_COMPILER_GLOBAL_ACCENT_COLOR_NAME = AccentColor;
				CODE_SIGN_ENTITLEMENTS = macOS/macOS.entitlements;
				CODE_SIGN_STYLE = Automatic;
				COMBINE_HIDPI_IMAGES = YES;
				CURRENT_PROJECT_VERSION = 1;
				DEVELOPMENT_TEAM = TKV94ZDLBC;
				ENABLE_HARDENED_RUNTIME = YES;
				ENABLE_PREVIEWS = YES;
				GENERATE_INFOPLIST_FILE = YES;
				INFOPLIST_KEY_NSHumanReadableCopyright = "";
				LD_RUNPATH_SEARCH_PATHS = (
					"$(inherited)",
					"@executable_path/../Frameworks",
				);
				MACOSX_DEPLOYMENT_TARGET = 12.1;
				MARKETING_VERSION = 1.0;
				PRODUCT_BUNDLE_IDENTIFIER = com.TruckingApp;
				PRODUCT_NAME = TruckingApp;
				SDKROOT = macosx;
				SWIFT_EMIT_LOC_STRINGS = YES;
				SWIFT_VERSION = 5.0;
			};
			name = Debug;
		};
		44846165277B5E3300E407A9 /* Release */ = {
			isa = XCBuildConfiguration;
			buildSettings = {
				ASSETCATALOG_COMPILER_APPICON_NAME = AppIcon;
				ASSETCATALOG_COMPILER_GLOBAL_ACCENT_COLOR_NAME = AccentColor;
				CODE_SIGN_ENTITLEMENTS = macOS/macOS.entitlements;
				CODE_SIGN_STYLE = Automatic;
				COMBINE_HIDPI_IMAGES = YES;
				CURRENT_PROJECT_VERSION = 1;
				DEVELOPMENT_TEAM = TKV94ZDLBC;
				ENABLE_HARDENED_RUNTIME = YES;
				ENABLE_PREVIEWS = YES;
				GENERATE_INFOPLIST_FILE = YES;
				INFOPLIST_KEY_NSHumanReadableCopyright = "";
				LD_RUNPATH_SEARCH_PATHS = (
					"$(inherited)",
					"@executable_path/../Frameworks",
				);
				MACOSX_DEPLOYMENT_TARGET = 12.1;
				MARKETING_VERSION = 1.0;
				PRODUCT_BUNDLE_IDENTIFIER = com.TruckingApp;
				PRODUCT_NAME = TruckingApp;
				SDKROOT = macosx;
				SWIFT_EMIT_LOC_STRINGS = YES;
				SWIFT_VERSION = 5.0;
			};
			name = Release;
		};
		44846167277B5E3300E407A9 /* Debug */ = {
			isa = XCBuildConfiguration;
			buildSettings = {
				ALWAYS_EMBED_SWIFT_STANDARD_LIBRARIES = YES;
				CODE_SIGN_STYLE = Automatic;
				CURRENT_PROJECT_VERSION = 1;
				DEVELOPMENT_TEAM = TKV94ZDLBC;
				GENERATE_INFOPLIST_FILE = YES;
				IPHONEOS_DEPLOYMENT_TARGET = 15.2;
				MARKETING_VERSION = 1.0;
				PRODUCT_BUNDLE_IDENTIFIER = "com.Tests-iOS";
				PRODUCT_NAME = "$(TARGET_NAME)";
				SDKROOT = iphoneos;
				SWIFT_EMIT_LOC_STRINGS = NO;
				SWIFT_VERSION = 5.0;
				TARGETED_DEVICE_FAMILY = "1,2";
				TEST_TARGET_NAME = "TruckingApp (iOS)";
			};
			name = Debug;
		};
		44846168277B5E3300E407A9 /* Release */ = {
			isa = XCBuildConfiguration;
			buildSettings = {
				ALWAYS_EMBED_SWIFT_STANDARD_LIBRARIES = YES;
				CODE_SIGN_STYLE = Automatic;
				CURRENT_PROJECT_VERSION = 1;
				DEVELOPMENT_TEAM = TKV94ZDLBC;
				GENERATE_INFOPLIST_FILE = YES;
				IPHONEOS_DEPLOYMENT_TARGET = 15.2;
				MARKETING_VERSION = 1.0;
				PRODUCT_BUNDLE_IDENTIFIER = "com.Tests-iOS";
				PRODUCT_NAME = "$(TARGET_NAME)";
				SDKROOT = iphoneos;
				SWIFT_EMIT_LOC_STRINGS = NO;
				SWIFT_VERSION = 5.0;
				TARGETED_DEVICE_FAMILY = "1,2";
				TEST_TARGET_NAME = "TruckingApp (iOS)";
				VALIDATE_PRODUCT = YES;
			};
			name = Release;
		};
		4484616A277B5E3300E407A9 /* Debug */ = {
			isa = XCBuildConfiguration;
			buildSettings = {
				ALWAYS_EMBED_SWIFT_STANDARD_LIBRARIES = YES;
				CODE_SIGN_STYLE = Automatic;
				CURRENT_PROJECT_VERSION = 1;
				DEVELOPMENT_TEAM = TKV94ZDLBC;
				GENERATE_INFOPLIST_FILE = YES;
				MACOSX_DEPLOYMENT_TARGET = 12.1;
				MARKETING_VERSION = 1.0;
				PRODUCT_BUNDLE_IDENTIFIER = "com.Tests-macOS";
				PRODUCT_NAME = "$(TARGET_NAME)";
				SDKROOT = macosx;
				SWIFT_EMIT_LOC_STRINGS = NO;
				SWIFT_VERSION = 5.0;
				TEST_TARGET_NAME = "TruckingApp (macOS)";
			};
			name = Debug;
		};
		4484616B277B5E3300E407A9 /* Release */ = {
			isa = XCBuildConfiguration;
			buildSettings = {
				ALWAYS_EMBED_SWIFT_STANDARD_LIBRARIES = YES;
				CODE_SIGN_STYLE = Automatic;
				CURRENT_PROJECT_VERSION = 1;
				DEVELOPMENT_TEAM = TKV94ZDLBC;
				GENERATE_INFOPLIST_FILE = YES;
				MACOSX_DEPLOYMENT_TARGET = 12.1;
				MARKETING_VERSION = 1.0;
				PRODUCT_BUNDLE_IDENTIFIER = "com.Tests-macOS";
				PRODUCT_NAME = "$(TARGET_NAME)";
				SDKROOT = macosx;
				SWIFT_EMIT_LOC_STRINGS = NO;
				SWIFT_VERSION = 5.0;
				TEST_TARGET_NAME = "TruckingApp (macOS)";
			};
			name = Release;
		};
/* End XCBuildConfiguration section */

/* Begin XCConfigurationList section */
		44846127277B5E3100E407A9 /* Build configuration list for PBXProject "TruckingApp" */ = {
			isa = XCConfigurationList;
			buildConfigurations = (
				4484615E277B5E3300E407A9 /* Debug */,
				4484615F277B5E3300E407A9 /* Release */,
			);
			defaultConfigurationIsVisible = 0;
			defaultConfigurationName = Release;
		};
		44846160277B5E3300E407A9 /* Build configuration list for PBXNativeTarget "TruckingApp (iOS)" */ = {
			isa = XCConfigurationList;
			buildConfigurations = (
				44846161277B5E3300E407A9 /* Debug */,
				44846162277B5E3300E407A9 /* Release */,
			);
			defaultConfigurationIsVisible = 0;
			defaultConfigurationName = Release;
		};
		44846163277B5E3300E407A9 /* Build configuration list for PBXNativeTarget "TruckingApp (macOS)" */ = {
			isa = XCConfigurationList;
			buildConfigurations = (
				44846164277B5E3300E407A9 /* Debug */,
				44846165277B5E3300E407A9 /* Release */,
			);
			defaultConfigurationIsVisible = 0;
			defaultConfigurationName = Release;
		};
		44846166277B5E3300E407A9 /* Build configuration list for PBXNativeTarget "Tests iOS" */ = {
			isa = XCConfigurationList;
			buildConfigurations = (
				44846167277B5E3300E407A9 /* Debug */,
				44846168277B5E3300E407A9 /* Release */,
			);
			defaultConfigurationIsVisible = 0;
			defaultConfigurationName = Release;
		};
		44846169277B5E3300E407A9 /* Build configuration list for PBXNativeTarget "Tests macOS" */ = {
			isa = XCConfigurationList;
			buildConfigurations = (
				4484616A277B5E3300E407A9 /* Debug */,
				4484616B277B5E3300E407A9 /* Release */,
			);
			defaultConfigurationIsVisible = 0;
			defaultConfigurationName = Release;
		};
/* End XCConfigurationList section */
	};
	rootObject = 44846124277B5E3100E407A9 /* Project object */;
}
